<?xml version="1.0" encoding="utf-8"?>
<Project ToolsVersion="4.0" xmlns="http://schemas.microsoft.com/developer/msbuild/2003">
  <ItemGroup>
    <Filter Include="doc">
      <UniqueIdentifier>{173bfe71-4736-4115-8bd7-5cae9a324d4e}</UniqueIdentifier>
    </Filter>
  </ItemGroup>
  <ItemGroup>
    <ClCompile Include="Main.cpp" />
    <ClCompile Include="MeshMender.cpp" />
    <ClCompile Include="MeshTask.cpp" />
    <ClCompile Include="QmshTmpLoader.cpp" />
    <ClCompile Include="QmshSaver.cpp" />
    <ClCompile Include="Converter.cpp" />
    <ClCompile Include="Mesh.cpp" />
  </ItemGroup>
  <ItemGroup>
    <ClInclude Include="MeshMender.h" />
    <ClInclude Include="MeshTask.hpp" />
    <ClInclude Include="PCH.hpp" />
    <ClInclude Include="Qmsh.h" />
    <ClInclude Include="QmshTmp.h" />
    <ClInclude Include="QmshTmpLoader.h" />
    <ClInclude Include="Converter.h" />
    <ClInclude Include="QmshSaver.h" />
    <ClInclude Include="ConversionData.h" />
    <ClInclude Include="Mesh.h" />
  </ItemGroup>
  <ItemGroup>
    <Text Include="changelog.txt">
      <Filter>doc</Filter>
    </Text>
    <Text Include="UWAGI.TXT">
      <Filter>doc</Filter>
    </Text>
  </ItemGroup>
</Project>